
Microsoft Visual Studio Solution File, Format Version 12.00
# Visual Studio 15
VisualStudioVersion = 15.0.26730.15
MinimumVisualStudioVersion = 10.0.40219.1
Project("{FAE04EC0-301F-11D3-BF4B-00C04F79EFBC}") = "Ap2Parcial", "Ap2Parcial\Ap2Parcial.csproj", "{421EB1DA-CEBA-426B-9610-A4AAFFEBB2F7}"
EndProject
Project("{FAE04EC0-301F-11D3-BF4B-00C04F79EFBC}") = "Entidades", "Clases\Entidades.csproj", "{6117B879-9161-4276-9212-D325C6CEB447}"
EndProject
Project("{FAE04EC0-301F-11D3-BF4B-00C04F79EFBC}") = "BLL", "BLL\BLL.csproj", "{80C08D80-7F3B-4682-BDE4-B16422FC98A0}"
EndProject
Project("{FAE04EC0-301F-11D3-BF4B-00C04F79EFBC}") = "DAL", "DAL\DAL.csproj", "{94D5E325-05D1-4E16-A5BA-0358869BB446}"
EndProject
Project("{FAE04EC0-301F-11D3-BF4B-00C04F79EFBC}") = "ParcialAp2", "ParcialAp2\ParcialAp2.csproj", "{FEEC0530-9FEF-4576-8C0C-B4A079D20738}"
EndProject
Global
	GlobalSection(SolutionConfigurationPlatforms) = preSolution
		Debug|Any CPU = Debug|Any CPU
		Release|Any CPU = Release|Any CPU
	EndGlobalSection
	GlobalSection(ProjectConfigurationPlatforms) = postSolution
		{421EB1DA-CEBA-426B-9610-A4AAFFEBB2F7}.Debug|Any CPU.ActiveCfg = Debug|Any CPU
		{421EB1DA-CEBA-426B-9610-A4AAFFEBB2F7}.Debug|Any CPU.Build.0 = Debug|Any CPU
		{421EB1DA-CEBA-426B-9610-A4AAFFEBB2F7}.Release|Any CPU.ActiveCfg = Release|Any CPU
		{421EB1DA-CEBA-426B-9610-A4AAFFEBB2F7}.Release|Any CPU.Build.0 = Release|Any CPU
		{6117B879-9161-4276-9212-D325C6CEB447}.Debug|Any CPU.ActiveCfg = Debug|Any CPU
		{6117B879-9161-4276-9212-D325C6CEB447}.Debug|Any CPU.Build.0 = Debug|Any CPU
		{6117B879-9161-4276-9212-D325C6CEB447}.Release|Any CPU.ActiveCfg = Release|Any CPU
		{6117B879-9161-4276-9212-D325C6CEB447}.Release|Any CPU.Build.0 = Release|Any CPU
		{80C08D80-7F3B-4682-BDE4-B16422FC98A0}.Debug|Any CPU.ActiveCfg = Debug|Any CPU
		{80C08D80-7F3B-4682-BDE4-B16422FC98A0}.Debug|Any CPU.Build.0 = Debug|Any CPU
		{80C08D80-7F3B-4682-BDE4-B16422FC98A0}.Release|Any CPU.ActiveCfg = Release|Any CPU
		{80C08D80-7F3B-4682-BDE4-B16422FC98A0}.Release|Any CPU.Build.0 = Release|Any CPU
		{94D5E325-05D1-4E16-A5BA-0358869BB446}.Debug|Any CPU.ActiveCfg = Debug|Any CPU
		{94D5E325-05D1-4E16-A5BA-0358869BB446}.Debug|Any CPU.Build.0 = Debug|Any CPU
		{94D5E325-05D1-4E16-A5BA-0358869BB446}.Release|Any CPU.ActiveCfg = Release|Any CPU
		{94D5E325-05D1-4E16-A5BA-0358869BB446}.Release|Any CPU.Build.0 = Release|Any CPU
		{FEEC0530-9FEF-4576-8C0C-B4A079D20738}.Debug|Any CPU.ActiveCfg = Debug|Any CPU
		{FEEC0530-9FEF-4576-8C0C-B4A079D20738}.Debug|Any CPU.Build.0 = Debug|Any CPU
		{FEEC0530-9FEF-4576-8C0C-B4A079D20738}.Release|Any CPU.ActiveCfg = Release|Any CPU
		{FEEC0530-9FEF-4576-8C0C-B4A079D20738}.Release|Any CPU.Build.0 = Release|Any CPU
	EndGlobalSection
	GlobalSection(SolutionProperties) = preSolution
		HideSolutionNode = FALSE
	EndGlobalSection
	GlobalSection(ExtensibilityGlobals) = postSolution
		SolutionGuid = {0FC37EEB-2621-4A5F-B731-EE8C5C12509E}
	EndGlobalSection
EndGlobal
